
Microsoft Visual Studio Solution File, Format Version 12.00
# Visual Studio Version 16
VisualStudioVersion = 16.0.31424.327
MinimumVisualStudioVersion = 10.0.40219.1
Project("{FAE04EC0-301F-11D3-BF4B-00C04F79EFBC}") = "VoronezhFishing", "VoronezhFishing\VoronezhFishing.csproj", "{16C18156-ED26-4573-8436-598BF4BF8796}"
EndProject
Global
	GlobalSection(SolutionConfigurationPlatforms) = preSolution
		Debug|Any CPU = Debug|Any CPU
		Release|Any CPU = Release|Any CPU
	EndGlobalSection
	GlobalSection(ProjectConfigurationPlatforms) = postSolution
		{16C18156-ED26-4573-8436-598BF4BF8796}.Debug|Any CPU.ActiveCfg = Debug|Any CPU
		{16C18156-ED26-4573-8436-598BF4BF8796}.Debug|Any CPU.Build.0 = Debug|Any CPU
		{16C18156-ED26-4573-8436-598BF4BF8796}.Release|Any CPU.ActiveCfg = Release|Any CPU
		{16C18156-ED26-4573-8436-598BF4BF8796}.Release|Any CPU.Build.0 = Release|Any CPU
	EndGlobalSection
	GlobalSection(SolutionProperties) = preSolution
		HideSolutionNode = FALSE
	EndGlobalSection
	GlobalSection(ExtensibilityGlobals) = postSolution
		SolutionGuid = {958C355D-DF65-4042-AF4E-0EDD1DC0FF52}
	EndGlobalSection
EndGlobal
